
Microsoft Visual Studio Solution File, Format Version 12.00
# Visual Studio 15
VisualStudioVersion = 15.0.28307.271
MinimumVisualStudioVersion = 10.0.40219.1
Project("{FAE04EC0-301F-11D3-BF4B-00C04F79EFBC}") = "EjemploExcel", "EjemploExcel\EjemploExcel.csproj", "{6C32BDCF-1C27-4EA0-A633-0DB38EBEDC62}"
EndProject
Global
	GlobalSection(SolutionConfigurationPlatforms) = preSolution
		Debug|Any CPU = Debug|Any CPU
		Release|Any CPU = Release|Any CPU
	EndGlobalSection
	GlobalSection(ProjectConfigurationPlatforms) = postSolution
		{6C32BDCF-1C27-4EA0-A633-0DB38EBEDC62}.Debug|Any CPU.ActiveCfg = Debug|Any CPU
		{6C32BDCF-1C27-4EA0-A633-0DB38EBEDC62}.Debug|Any CPU.Build.0 = Debug|Any CPU
		{6C32BDCF-1C27-4EA0-A633-0DB38EBEDC62}.Release|Any CPU.ActiveCfg = Release|Any CPU
		{6C32BDCF-1C27-4EA0-A633-0DB38EBEDC62}.Release|Any CPU.Build.0 = Release|Any CPU
	EndGlobalSection
	GlobalSection(SolutionProperties) = preSolution
		HideSolutionNode = FALSE
	EndGlobalSection
	GlobalSection(ExtensibilityGlobals) = postSolution
		SolutionGuid = {22E6D544-68A1-4568-A27E-F2048F70468E}
	EndGlobalSection
EndGlobal
